
Microsoft Visual Studio Solution File, Format Version 12.00
# Visual Studio Version 17
VisualStudioVersion = 17.13.35825.156 d17.13
MinimumVisualStudioVersion = 10.0.40219.1
Project("{FAE04EC0-301F-11D3-BF4B-00C04F79EFBC}") = "BlazorAppJavaScript", "BlazorAppJavaScript\BlazorAppJavaScript.csproj", "{F10E2A32-AC9D-40EC-B625-4F2CF613879A}"
EndProject
Global
	GlobalSection(SolutionConfigurationPlatforms) = preSolution
		Debug|Any CPU = Debug|Any CPU
		Release|Any CPU = Release|Any CPU
	EndGlobalSection
	GlobalSection(ProjectConfigurationPlatforms) = postSolution
		{F10E2A32-AC9D-40EC-B625-4F2CF613879A}.Debug|Any CPU.ActiveCfg = Debug|Any CPU
		{F10E2A32-AC9D-40EC-B625-4F2CF613879A}.Debug|Any CPU.Build.0 = Debug|Any CPU
		{F10E2A32-AC9D-40EC-B625-4F2CF613879A}.Release|Any CPU.ActiveCfg = Release|Any CPU
		{F10E2A32-AC9D-40EC-B625-4F2CF613879A}.Release|Any CPU.Build.0 = Release|Any CPU
	EndGlobalSection
	GlobalSection(SolutionProperties) = preSolution
		HideSolutionNode = FALSE
	EndGlobalSection
	GlobalSection(ExtensibilityGlobals) = postSolution
		SolutionGuid = {51974026-936C-4C97-B3F7-AFECDC6C6A92}
	EndGlobalSection
EndGlobal
